
Microsoft Visual Studio Solution File, Format Version 12.00
# Visual Studio Version 16
VisualStudioVersion = 16.0.30503.244
MinimumVisualStudioVersion = 10.0.40219.1
Project("{9A19103F-16F7-4668-BE54-9A1E7A4F7556}") = "Delobytes.Cqrs", "src\Delobytes.Cqrs.csproj", "{C8A73869-91EC-4A06-94F9-AE70C1538167}"
EndProject
Global
	GlobalSection(SolutionConfigurationPlatforms) = preSolution
		Debug|Any CPU = Debug|Any CPU
		Release|Any CPU = Release|Any CPU
	EndGlobalSection
	GlobalSection(ProjectConfigurationPlatforms) = postSolution
		{C8A73869-91EC-4A06-94F9-AE70C1538167}.Debug|Any CPU.ActiveCfg = Debug|Any CPU
		{C8A73869-91EC-4A06-94F9-AE70C1538167}.Debug|Any CPU.Build.0 = Debug|Any CPU
		{C8A73869-91EC-4A06-94F9-AE70C1538167}.Release|Any CPU.ActiveCfg = Release|Any CPU
		{C8A73869-91EC-4A06-94F9-AE70C1538167}.Release|Any CPU.Build.0 = Release|Any CPU
	EndGlobalSection
	GlobalSection(SolutionProperties) = preSolution
		HideSolutionNode = FALSE
	EndGlobalSection
	GlobalSection(ExtensibilityGlobals) = postSolution
		SolutionGuid = {84E4B8E3-0F80-4513-AD83-520006C14A10}
	EndGlobalSection
EndGlobal
